
Microsoft Visual Studio Solution File, Format Version 12.00
# Visual Studio 15
Project("{FAE04EC0-301F-11D3-BF4B-00C04F79EFBC}") = "Assembly-CSharp", "Assembly-CSharp.csproj", "{9E6E72F0-8204-861F-7DEF-BBB0C971CF0B}"
EndProject
Project("{FAE04EC0-301F-11D3-BF4B-00C04F79EFBC}") = "Assembly-CSharp-Editor", "Assembly-CSharp-Editor.csproj", "{207248A7-89E4-ABB6-B290-3DC624079C96}"
EndProject
Global
	GlobalSection(SolutionConfigurationPlatforms) = preSolution
		Debug|Any CPU = Debug|Any CPU
		Release|Any CPU = Release|Any CPU
	EndGlobalSection
	GlobalSection(ProjectConfigurationPlatforms) = postSolution
		{9E6E72F0-8204-861F-7DEF-BBB0C971CF0B}.Debug|Any CPU.ActiveCfg = Debug|Any CPU
		{9E6E72F0-8204-861F-7DEF-BBB0C971CF0B}.Debug|Any CPU.Build.0 = Debug|Any CPU
		{9E6E72F0-8204-861F-7DEF-BBB0C971CF0B}.Release|Any CPU.ActiveCfg = Release|Any CPU
		{9E6E72F0-8204-861F-7DEF-BBB0C971CF0B}.Release|Any CPU.Build.0 = Release|Any CPU
		{207248A7-89E4-ABB6-B290-3DC624079C96}.Debug|Any CPU.ActiveCfg = Debug|Any CPU
		{207248A7-89E4-ABB6-B290-3DC624079C96}.Debug|Any CPU.Build.0 = Debug|Any CPU
		{207248A7-89E4-ABB6-B290-3DC624079C96}.Release|Any CPU.ActiveCfg = Release|Any CPU
		{207248A7-89E4-ABB6-B290-3DC624079C96}.Release|Any CPU.Build.0 = Release|Any CPU
	EndGlobalSection
	GlobalSection(SolutionProperties) = preSolution
		HideSolutionNode = FALSE
	EndGlobalSection
EndGlobal
